
Microsoft Visual Studio Solution File, Format Version 12.00
# Visual Studio Version 16
VisualStudioVersion = 16.0.30114.105
MinimumVisualStudioVersion = 10.0.40219.1
Project("{FAE04EC0-301F-11D3-BF4B-00C04F79EFBC}") = "EmployeesOnDepartments", "WebApplication1\EmployeesOnDepartments.csproj", "{0EDA3234-511F-4E0A-AA43-6A83C699F4EE}"
EndProject
Project("{2150E333-8FDC-42A3-9474-1A3956D46DE8}") = "ui", "ui", "{2B7E5AC5-346C-4E7B-B756-26473DBF56C2}"
EndProject
Project("{2150E333-8FDC-42A3-9474-1A3956D46DE8}") = "Solution Items", "Solution Items", "{9B038D70-8C67-41C7-B116-4C397B5EC984}"
	ProjectSection(SolutionItems) = preProject
		README.md = README.md
		WebAPI_Angular_React.png = WebAPI_Angular_React.png
	EndProjectSection
EndProject
Project("{E24C65DC-7377-472B-9ABA-BC803B73C61A}") = "angular(1)", "WebApplication1\ui\angular\", "{9BD7551A-2454-44E2-AB26-FEC2D2C4529D}"
	ProjectSection(WebsiteProperties) = preProject
		TargetFrameworkMoniker = ".NETFramework,Version%3Dv4.0"
		Debug.AspNetCompiler.VirtualPath = "/localhost_49539"
		Debug.AspNetCompiler.PhysicalPath = "WebApplication1\ui\angular\"
		Debug.AspNetCompiler.TargetPath = "PrecompiledWeb\localhost_49539\"
		Debug.AspNetCompiler.Updateable = "true"
		Debug.AspNetCompiler.ForceOverwrite = "true"
		Debug.AspNetCompiler.FixedNames = "false"
		Debug.AspNetCompiler.Debug = "True"
		Release.AspNetCompiler.VirtualPath = "/localhost_49539"
		Release.AspNetCompiler.PhysicalPath = "WebApplication1\ui\angular\"
		Release.AspNetCompiler.TargetPath = "PrecompiledWeb\localhost_49539\"
		Release.AspNetCompiler.Updateable = "true"
		Release.AspNetCompiler.ForceOverwrite = "true"
		Release.AspNetCompiler.FixedNames = "false"
		Release.AspNetCompiler.Debug = "False"
		VWDPort = "49539"
		SlnRelativePath = "WebApplication1\ui\angular\"
	EndProjectSection
EndProject
Project("{E24C65DC-7377-472B-9ABA-BC803B73C61A}") = "react", "WebApplication1\ui\react\", "{C72B9354-FB9B-4920-92E0-82D14EE19923}"
	ProjectSection(WebsiteProperties) = preProject
		TargetFrameworkMoniker = ".NETFramework,Version%3Dv4.0"
		Debug.AspNetCompiler.VirtualPath = "/localhost_49549"
		Debug.AspNetCompiler.PhysicalPath = "WebApplication1\ui\react\"
		Debug.AspNetCompiler.TargetPath = "PrecompiledWeb\localhost_49549\"
		Debug.AspNetCompiler.Updateable = "true"
		Debug.AspNetCompiler.ForceOverwrite = "true"
		Debug.AspNetCompiler.FixedNames = "false"
		Debug.AspNetCompiler.Debug = "True"
		Release.AspNetCompiler.VirtualPath = "/localhost_49549"
		Release.AspNetCompiler.PhysicalPath = "WebApplication1\ui\react\"
		Release.AspNetCompiler.TargetPath = "PrecompiledWeb\localhost_49549\"
		Release.AspNetCompiler.Updateable = "true"
		Release.AspNetCompiler.ForceOverwrite = "true"
		Release.AspNetCompiler.FixedNames = "false"
		Release.AspNetCompiler.Debug = "False"
		VWDPort = "49549"
		SlnRelativePath = "WebApplication1\ui\react\"
	EndProjectSection
EndProject
Global
	GlobalSection(SolutionConfigurationPlatforms) = preSolution
		Debug|Any CPU = Debug|Any CPU
		Release|Any CPU = Release|Any CPU
	EndGlobalSection
	GlobalSection(ProjectConfigurationPlatforms) = postSolution
		{0EDA3234-511F-4E0A-AA43-6A83C699F4EE}.Debug|Any CPU.ActiveCfg = Debug|Any CPU
		{0EDA3234-511F-4E0A-AA43-6A83C699F4EE}.Debug|Any CPU.Build.0 = Debug|Any CPU
		{0EDA3234-511F-4E0A-AA43-6A83C699F4EE}.Release|Any CPU.ActiveCfg = Release|Any CPU
		{0EDA3234-511F-4E0A-AA43-6A83C699F4EE}.Release|Any CPU.Build.0 = Release|Any CPU
		{9BD7551A-2454-44E2-AB26-FEC2D2C4529D}.Debug|Any CPU.ActiveCfg = Debug|Any CPU
		{9BD7551A-2454-44E2-AB26-FEC2D2C4529D}.Debug|Any CPU.Build.0 = Debug|Any CPU
		{9BD7551A-2454-44E2-AB26-FEC2D2C4529D}.Release|Any CPU.ActiveCfg = Debug|Any CPU
		{9BD7551A-2454-44E2-AB26-FEC2D2C4529D}.Release|Any CPU.Build.0 = Debug|Any CPU
		{C72B9354-FB9B-4920-92E0-82D14EE19923}.Debug|Any CPU.ActiveCfg = Debug|Any CPU
		{C72B9354-FB9B-4920-92E0-82D14EE19923}.Debug|Any CPU.Build.0 = Debug|Any CPU
		{C72B9354-FB9B-4920-92E0-82D14EE19923}.Release|Any CPU.ActiveCfg = Debug|Any CPU
		{C72B9354-FB9B-4920-92E0-82D14EE19923}.Release|Any CPU.Build.0 = Debug|Any CPU
	EndGlobalSection
	GlobalSection(SolutionProperties) = preSolution
		HideSolutionNode = FALSE
	EndGlobalSection
	GlobalSection(NestedProjects) = preSolution
		{9BD7551A-2454-44E2-AB26-FEC2D2C4529D} = {2B7E5AC5-346C-4E7B-B756-26473DBF56C2}
		{C72B9354-FB9B-4920-92E0-82D14EE19923} = {2B7E5AC5-346C-4E7B-B756-26473DBF56C2}
	EndGlobalSection
	GlobalSection(ExtensibilityGlobals) = postSolution
		SolutionGuid = {D4EA4791-66D6-48A2-8F54-FCFE61DB52C3}
	EndGlobalSection
EndGlobal
